
Microsoft Visual Studio Solution File, Format Version 12.00
# Visual Studio Version 16
VisualStudioVersion = 16.0.29424.173
MinimumVisualStudioVersion = 10.0.40219.1
Project("{9A19103F-16F7-4668-BE54-9A1E7A4F7556}") = "ppedv.Hampelmann.Model", "ppedv.Hampelmann.Model\ppedv.Hampelmann.Model.csproj", "{04337017-5264-41A5-B29F-9996DCE1AC31}"
EndProject
Project("{9A19103F-16F7-4668-BE54-9A1E7A4F7556}") = "ppedv.Hampelmann.Data.EF", "ppedv.Hampelmann.Data.EF\ppedv.Hampelmann.Data.EF.csproj", "{32601833-F7B0-4E10-94AF-54D7151F433E}"
EndProject
Project("{9A19103F-16F7-4668-BE54-9A1E7A4F7556}") = "ppedv.Hampelmann.Data.EF.Tests", "ppedv.Hampelmann.Data.EF.Tests\ppedv.Hampelmann.Data.EF.Tests.csproj", "{995F2F39-C0D6-4A4F-97E3-C09B8ED5CC0B}"
EndProject
Project("{9A19103F-16F7-4668-BE54-9A1E7A4F7556}") = "ppedv.Hampelmann.Logic", "ppedv.Hampelmann.Logic\ppedv.Hampelmann.Logic.csproj", "{C191BA60-7B0A-47E1-A582-D7D6430F1516}"
EndProject
Project("{9A19103F-16F7-4668-BE54-9A1E7A4F7556}") = "ppedv.Hampelmann.UI.DevConsole", "ppedv.Hampelmann.UI.DevConsole\ppedv.Hampelmann.UI.DevConsole.csproj", "{340BB207-C026-4874-BE15-05DF5334617E}"
EndProject
Project("{9A19103F-16F7-4668-BE54-9A1E7A4F7556}") = "ppedv.Hampelmann.Logic.Tests", "ppedv.Hampelmann.Logic.Tests\ppedv.Hampelmann.Logic.Tests.csproj", "{D81AE77F-CD64-4EC5-802D-383E0BA5DC3A}"
EndProject
Project("{9A19103F-16F7-4668-BE54-9A1E7A4F7556}") = "ppedv.Hampelmann.UI.Web", "ppedv.Hampelmann.UI.Web\ppedv.Hampelmann.UI.Web.csproj", "{EFC02BE5-0943-46BE-A51C-AFB3D17DB79D}"
EndProject
Project("{FAE04EC0-301F-11D3-BF4B-00C04F79EFBC}") = "ppedv.Hampelmann.UI.WPF", "ppedv.Hampelmann.UI.WPF\ppedv.Hampelmann.UI.WPF.csproj", "{96D58B73-5602-4D3B-BCD7-B1C284442261}"
EndProject
Global
	GlobalSection(SolutionConfigurationPlatforms) = preSolution
		Debug|Any CPU = Debug|Any CPU
		Release|Any CPU = Release|Any CPU
	EndGlobalSection
	GlobalSection(ProjectConfigurationPlatforms) = postSolution
		{04337017-5264-41A5-B29F-9996DCE1AC31}.Debug|Any CPU.ActiveCfg = Debug|Any CPU
		{04337017-5264-41A5-B29F-9996DCE1AC31}.Debug|Any CPU.Build.0 = Debug|Any CPU
		{04337017-5264-41A5-B29F-9996DCE1AC31}.Release|Any CPU.ActiveCfg = Release|Any CPU
		{04337017-5264-41A5-B29F-9996DCE1AC31}.Release|Any CPU.Build.0 = Release|Any CPU
		{32601833-F7B0-4E10-94AF-54D7151F433E}.Debug|Any CPU.ActiveCfg = Debug|Any CPU
		{32601833-F7B0-4E10-94AF-54D7151F433E}.Debug|Any CPU.Build.0 = Debug|Any CPU
		{32601833-F7B0-4E10-94AF-54D7151F433E}.Release|Any CPU.ActiveCfg = Release|Any CPU
		{32601833-F7B0-4E10-94AF-54D7151F433E}.Release|Any CPU.Build.0 = Release|Any CPU
		{995F2F39-C0D6-4A4F-97E3-C09B8ED5CC0B}.Debug|Any CPU.ActiveCfg = Debug|Any CPU
		{995F2F39-C0D6-4A4F-97E3-C09B8ED5CC0B}.Debug|Any CPU.Build.0 = Debug|Any CPU
		{995F2F39-C0D6-4A4F-97E3-C09B8ED5CC0B}.Release|Any CPU.ActiveCfg = Release|Any CPU
		{995F2F39-C0D6-4A4F-97E3-C09B8ED5CC0B}.Release|Any CPU.Build.0 = Release|Any CPU
		{C191BA60-7B0A-47E1-A582-D7D6430F1516}.Debug|Any CPU.ActiveCfg = Debug|Any CPU
		{C191BA60-7B0A-47E1-A582-D7D6430F1516}.Debug|Any CPU.Build.0 = Debug|Any CPU
		{C191BA60-7B0A-47E1-A582-D7D6430F1516}.Release|Any CPU.ActiveCfg = Release|Any CPU
		{C191BA60-7B0A-47E1-A582-D7D6430F1516}.Release|Any CPU.Build.0 = Release|Any CPU
		{340BB207-C026-4874-BE15-05DF5334617E}.Debug|Any CPU.ActiveCfg = Debug|Any CPU
		{340BB207-C026-4874-BE15-05DF5334617E}.Debug|Any CPU.Build.0 = Debug|Any CPU
		{340BB207-C026-4874-BE15-05DF5334617E}.Release|Any CPU.ActiveCfg = Release|Any CPU
		{340BB207-C026-4874-BE15-05DF5334617E}.Release|Any CPU.Build.0 = Release|Any CPU
		{D81AE77F-CD64-4EC5-802D-383E0BA5DC3A}.Debug|Any CPU.ActiveCfg = Debug|Any CPU
		{D81AE77F-CD64-4EC5-802D-383E0BA5DC3A}.Debug|Any CPU.Build.0 = Debug|Any CPU
		{D81AE77F-CD64-4EC5-802D-383E0BA5DC3A}.Release|Any CPU.ActiveCfg = Release|Any CPU
		{D81AE77F-CD64-4EC5-802D-383E0BA5DC3A}.Release|Any CPU.Build.0 = Release|Any CPU
		{EFC02BE5-0943-46BE-A51C-AFB3D17DB79D}.Debug|Any CPU.ActiveCfg = Debug|Any CPU
		{EFC02BE5-0943-46BE-A51C-AFB3D17DB79D}.Debug|Any CPU.Build.0 = Debug|Any CPU
		{EFC02BE5-0943-46BE-A51C-AFB3D17DB79D}.Release|Any CPU.ActiveCfg = Release|Any CPU
		{EFC02BE5-0943-46BE-A51C-AFB3D17DB79D}.Release|Any CPU.Build.0 = Release|Any CPU
		{96D58B73-5602-4D3B-BCD7-B1C284442261}.Debug|Any CPU.ActiveCfg = Debug|Any CPU
		{96D58B73-5602-4D3B-BCD7-B1C284442261}.Debug|Any CPU.Build.0 = Debug|Any CPU
		{96D58B73-5602-4D3B-BCD7-B1C284442261}.Release|Any CPU.ActiveCfg = Release|Any CPU
		{96D58B73-5602-4D3B-BCD7-B1C284442261}.Release|Any CPU.Build.0 = Release|Any CPU
	EndGlobalSection
	GlobalSection(SolutionProperties) = preSolution
		HideSolutionNode = FALSE
	EndGlobalSection
	GlobalSection(ExtensibilityGlobals) = postSolution
		SolutionGuid = {A0D4B1CF-B43E-4967-B01E-0396B52BD9BD}
	EndGlobalSection
EndGlobal
