
Microsoft Visual Studio Solution File, Format Version 12.00
# Visual Studio Version 16
VisualStudioVersion = 16.0.29424.173
MinimumVisualStudioVersion = 10.0.40219.1
Project("{FAE04EC0-301F-11D3-BF4B-00C04F79EFBC}") = "CodeFirst_FromDB_Reverse_POCO_Generator", "CodeFirst_FromDB_Reverse_POCO_Generator\CodeFirst_FromDB_Reverse_POCO_Generator.csproj", "{DE83E2B7-A93D-40C0-9D64-839A91FFDF6A}"
EndProject
Global
	GlobalSection(SolutionConfigurationPlatforms) = preSolution
		Debug|Any CPU = Debug|Any CPU
		Release|Any CPU = Release|Any CPU
	EndGlobalSection
	GlobalSection(ProjectConfigurationPlatforms) = postSolution
		{DE83E2B7-A93D-40C0-9D64-839A91FFDF6A}.Debug|Any CPU.ActiveCfg = Debug|Any CPU
		{DE83E2B7-A93D-40C0-9D64-839A91FFDF6A}.Debug|Any CPU.Build.0 = Debug|Any CPU
		{DE83E2B7-A93D-40C0-9D64-839A91FFDF6A}.Release|Any CPU.ActiveCfg = Release|Any CPU
		{DE83E2B7-A93D-40C0-9D64-839A91FFDF6A}.Release|Any CPU.Build.0 = Release|Any CPU
	EndGlobalSection
	GlobalSection(SolutionProperties) = preSolution
		HideSolutionNode = FALSE
	EndGlobalSection
	GlobalSection(ExtensibilityGlobals) = postSolution
		SolutionGuid = {C6714A7F-FB8F-4A23-8E61-1CAD4EDF5684}
	EndGlobalSection
EndGlobal
